{
    "_meta": {
        "hash": {
            "sha256": "f8a407d1bd5cf3ed9938ea8afb50344f3ab6ce271cba54bc3cba1613a51277cd"
        },
        "pipfile-spec": 6,
        "requires": {
            "python_version": "3.8"
        },
        "sources": [
            {
                "name": "pypi",
                "url": "https://pypi.org/simple",
                "verify_ssl": true
            }
        ]
    },
    "default": {
        "py4j": {
            "hashes": [
                "sha256:624f97c363b8dd84822bc666b12fa7f7d97824632b2ff3d852cc491359ce7615",
                "sha256:bf0485388e415ff26710d2dc719cb0ede16cf1164b1ee757e0ebb2e98c471521"
            ],
            "version": "==0.10.9.2"
        },
        "pyspark": {
            "hashes": [
                "sha256:bfea06179edbfb4bc76a0f470bd3c38e12f00e1023e3ad0373558d07cff102ab"
            ],
            "index": "pypi",
            "version": "==3.2.0"
        }
    },
    "develop": {}
}
